{
    "_readme": [
        "This file locks the dependencies of your project to a known state",
        "Read more about it at https://getcomposer.org/doc/01-basic-usage.md#installing-dependencies",
        "This file is @generated automatically"
    ],
    "content-hash": "c3a0560a370754d02058b3b6b95b5645",
    "packages": [
        {
            "name": "douggonsouza/language",
            "version": "v1.0.4",
            "source": {
                "type": "git",
                "url": "https://github.com/douggonsouza/language.git",
                "reference": "b63647bc60d5a9cf13348bfcd17839b938b08120"
            },
            "dist": {
                "type": "zip",
                "url": "https://api.github.com/repos/douggonsouza/language/zipball/b63647bc60d5a9cf13348bfcd17839b938b08120",
                "reference": "b63647bc60d5a9cf13348bfcd17839b938b08120",
                "shasum": ""
            },
            "type": "library",
            "autoload": {
                "psr-4": {
                    "douggonsouza\\language\\": "src/"
                }
            },
            "notification-url": "https://packagist.org/downloads/",
            "license": [
                "MIT"
            ],
            "authors": [
                {
                    "name": "Douglas Gonçalves de Souza",
                    "email": "douggonsouza@gmail.com"
                }
            ],
            "description": "Expõe o valor da etiqueta para uma linguagem",
            "support": {
                "issues": "https://github.com/douggonsouza/language/issues",
                "source": "https://github.com/douggonsouza/language/tree/v1.0.4"
            },
            "time": "2022-08-10T12:30:58+00:00"
        },
        {
            "name": "douggonsouza/propertys",
            "version": "v1.0.4",
            "source": {
                "type": "git",
                "url": "https://github.com/douggonsouza/propertys.git",
                "reference": "ebd7471bf7279f2e2520c6b7eadfcf6171ab47cf"
            },
            "dist": {
                "type": "zip",
                "url": "https://api.github.com/repos/douggonsouza/propertys/zipball/ebd7471bf7279f2e2520c6b7eadfcf6171ab47cf",
                "reference": "ebd7471bf7279f2e2520c6b7eadfcf6171ab47cf",
                "shasum": ""
            },
            "type": "library",
            "autoload": {
                "psr-4": {
                    "douggonsouza\\propertys\\": "src/"
                }
            },
            "notification-url": "https://packagist.org/downloads/",
            "license": [
                "MIT"
            ],
            "authors": [
                {
                    "name": "Douglas Gonçalves de Souza",
                    "email": "douggonsouza@gmail.com"
                }
            ],
            "description": "Armazenagem das propriedades",
            "support": {
                "issues": "https://github.com/douggonsouza/propertys/issues",
                "source": "https://github.com/douggonsouza/propertys/tree/v1.0.4"
            },
            "time": "2022-09-16T23:56:11+00:00"
        }
    ],
    "packages-dev": [],
    "aliases": [],
    "minimum-stability": "dev",
    "stability-flags": [],
    "prefer-stable": false,
    "prefer-lowest": false,
    "platform": [],
    "platform-dev": [],
    "plugin-api-version": "2.3.0"
}
