{
    "_readme": [
        "This file locks the dependencies of your project to a known state",
        "Read more about it at https://getcomposer.org/doc/01-basic-usage.md#installing-dependencies",
        "This file is @generated automatically"
    ],
    "content-hash": "c3a0560a370754d02058b3b6b95b5645",
    "packages": [
        {
            "name": "douggonsouza/language",
            "version": "v1.0.2",
            "source": {
                "type": "git",
                "url": "https://github.com/douggonsouza/language.git",
                "reference": "27adeac208381e04edbc5b54239d433e9fd7d76c"
            },
            "dist": {
                "type": "zip",
                "url": "https://api.github.com/repos/douggonsouza/language/zipball/27adeac208381e04edbc5b54239d433e9fd7d76c",
                "reference": "27adeac208381e04edbc5b54239d433e9fd7d76c",
                "shasum": ""
            },
            "type": "library",
            "autoload": {
                "psr-4": {
                    "douggonsouza\\language\\": "src/"
                }
            },
            "notification-url": "https://packagist.org/downloads/",
            "license": [
                "MIT"
            ],
            "authors": [
                {
                    "name": "Douglas Gonçalves de Souza",
                    "email": "douggonsouza@gmail.com"
                }
            ],
            "description": "Expõe o valor da etiqueta para uma linguagem",
            "support": {
                "issues": "https://github.com/douggonsouza/language/issues",
                "source": "https://github.com/douggonsouza/language/tree/v1.0.2"
            },
            "time": "2022-08-03T12:49:50+00:00"
        },
        {
            "name": "douggonsouza/propertys",
            "version": "v1.0.3",
            "source": {
                "type": "git",
                "url": "https://github.com/douggonsouza/propertys.git",
                "reference": "be8f49f5311e5818e9d534cc45ba0786f8df3319"
            },
            "dist": {
                "type": "zip",
                "url": "https://api.github.com/repos/douggonsouza/propertys/zipball/be8f49f5311e5818e9d534cc45ba0786f8df3319",
                "reference": "be8f49f5311e5818e9d534cc45ba0786f8df3319",
                "shasum": ""
            },
            "type": "library",
            "autoload": {
                "psr-4": {
                    "douggonsouza\\propertys\\": "src/"
                }
            },
            "notification-url": "https://packagist.org/downloads/",
            "license": [
                "MIT"
            ],
            "authors": [
                {
                    "name": "Douglas Gonçalves de Souza",
                    "email": "douggonsouza@gmail.com"
                }
            ],
            "description": "Armazenagem das propriedades",
            "support": {
                "issues": "https://github.com/douggonsouza/propertys/issues",
                "source": "https://github.com/douggonsouza/propertys/tree/v1.0.3"
            },
            "time": "2022-04-17T02:10:09+00:00"
        }
    ],
    "packages-dev": [],
    "aliases": [],
    "minimum-stability": "dev",
    "stability-flags": [],
    "prefer-stable": false,
    "prefer-lowest": false,
    "platform": [],
    "platform-dev": [],
    "plugin-api-version": "2.3.0"
}
